
Microsoft Visual Studio Solution File, Format Version 12.00
# Visual Studio Version 17
VisualStudioVersion = 17.9.34723.18
MinimumVisualStudioVersion = 10.0.40219.1
Project("{FAE04EC0-301F-11D3-BF4B-00C04F79EFBC}") = "ChatRoom", "ChatRoom\ChatRoom.csproj", "{72E1F46F-8760-468D-BFB7-FFD1098A4F9E}"
EndProject
Global
	GlobalSection(SolutionConfigurationPlatforms) = preSolution
		Debug|Any CPU = Debug|Any CPU
		Release|Any CPU = Release|Any CPU
	EndGlobalSection
	GlobalSection(ProjectConfigurationPlatforms) = postSolution
		{72E1F46F-8760-468D-BFB7-FFD1098A4F9E}.Debug|Any CPU.ActiveCfg = Debug|Any CPU
		{72E1F46F-8760-468D-BFB7-FFD1098A4F9E}.Debug|Any CPU.Build.0 = Debug|Any CPU
		{72E1F46F-8760-468D-BFB7-FFD1098A4F9E}.Release|Any CPU.ActiveCfg = Release|Any CPU
		{72E1F46F-8760-468D-BFB7-FFD1098A4F9E}.Release|Any CPU.Build.0 = Release|Any CPU
	EndGlobalSection
	GlobalSection(SolutionProperties) = preSolution
		HideSolutionNode = FALSE
	EndGlobalSection
	GlobalSection(ExtensibilityGlobals) = postSolution
		SolutionGuid = {1349AEA1-73F8-4274-9045-850B79B661DE}
	EndGlobalSection
EndGlobal
